
Microsoft Visual Studio Solution File, Format Version 12.00
# Visual Studio Version 17
VisualStudioVersion = 17.11.35312.102
MinimumVisualStudioVersion = 10.0.40219.1
Project("{FAE04EC0-301F-11D3-BF4B-00C04F79EFBC}") = "Gazi.kazan.Ders2uygulama", "Gazi.kazan.Ders2uygulama\Gazi.kazan.Ders2uygulama.csproj", "{A97E97A4-A581-4A69-AC0C-736863261F31}"
EndProject
Global
	GlobalSection(SolutionConfigurationPlatforms) = preSolution
		Debug|Any CPU = Debug|Any CPU
		Release|Any CPU = Release|Any CPU
	EndGlobalSection
	GlobalSection(ProjectConfigurationPlatforms) = postSolution
		{A97E97A4-A581-4A69-AC0C-736863261F31}.Debug|Any CPU.ActiveCfg = Debug|Any CPU
		{A97E97A4-A581-4A69-AC0C-736863261F31}.Debug|Any CPU.Build.0 = Debug|Any CPU
		{A97E97A4-A581-4A69-AC0C-736863261F31}.Release|Any CPU.ActiveCfg = Release|Any CPU
		{A97E97A4-A581-4A69-AC0C-736863261F31}.Release|Any CPU.Build.0 = Release|Any CPU
	EndGlobalSection
	GlobalSection(SolutionProperties) = preSolution
		HideSolutionNode = FALSE
	EndGlobalSection
	GlobalSection(ExtensibilityGlobals) = postSolution
		SolutionGuid = {5B6567CA-E7FA-48D0-B834-1DCF9368D387}
	EndGlobalSection
EndGlobal
